{
  "requires": true,
  "lockfileVersion": 1,
  "dependencies": {
    "compromise": {
      "version": "13.3.1",
      "resolved": "https://registry.npmjs.org/compromise/-/compromise-13.3.1.tgz",
      "integrity": "sha512-GcnPmjJ0HKonf2q2VRCBNFTDG/MQOAa1URH+t7FLN9KeJY68orBh7OeAznXo7g5Mgz2bpgqRTp9jQoYreYRo/Q==",
      "requires": {
        "efrt-unpack": "2.2.0"
      }
    },
    "efrt-unpack": {
      "version": "2.2.0",
      "resolved": "https://registry.npmjs.org/efrt-unpack/-/efrt-unpack-2.2.0.tgz",
      "integrity": "sha512-9xUSSj7qcUxz+0r4X3+bwUNttEfGfK5AH+LVa1aTpqdAfrN5VhROYCfcF+up4hp5OL7IUKcZJJrzAGipQRDoiQ=="
    }
  }
}
